
Microsoft Visual Studio Solution File, Format Version 12.00
# Visual Studio 15
VisualStudioVersion = 15.0.28307.539
MinimumVisualStudioVersion = 10.0.40219.1
Project("{FAE04EC0-301F-11D3-BF4B-00C04F79EFBC}") = "POSTGRESTOREPROCEDURE", "POSTGRESTOREPROCEDURE\POSTGRESTOREPROCEDURE.csproj", "{35CF2001-77E1-4A8D-B9B0-E4E5994B3E67}"
EndProject
Global
	GlobalSection(SolutionConfigurationPlatforms) = preSolution
		Debug|Any CPU = Debug|Any CPU
		Release|Any CPU = Release|Any CPU
	EndGlobalSection
	GlobalSection(ProjectConfigurationPlatforms) = postSolution
		{35CF2001-77E1-4A8D-B9B0-E4E5994B3E67}.Debug|Any CPU.ActiveCfg = Debug|Any CPU
		{35CF2001-77E1-4A8D-B9B0-E4E5994B3E67}.Debug|Any CPU.Build.0 = Debug|Any CPU
		{35CF2001-77E1-4A8D-B9B0-E4E5994B3E67}.Release|Any CPU.ActiveCfg = Release|Any CPU
		{35CF2001-77E1-4A8D-B9B0-E4E5994B3E67}.Release|Any CPU.Build.0 = Release|Any CPU
	EndGlobalSection
	GlobalSection(SolutionProperties) = preSolution
		HideSolutionNode = FALSE
	EndGlobalSection
	GlobalSection(ExtensibilityGlobals) = postSolution
		SolutionGuid = {8963F5F6-2921-4ECF-809A-EFF63BC4C9D5}
	EndGlobalSection
EndGlobal
